
Microsoft Visual Studio Solution File, Format Version 12.00
# Visual Studio Version 16
VisualStudioVersion = 16.0.30225.117
MinimumVisualStudioVersion = 10.0.40219.1
Project("{8BC9CEB8-8B4A-11D0-8D11-00A0C91BC942}") = "11a-EnvMapping", "11a-envmapping.vcxproj", "{8531ECC6-DBC9-4148-B761-89B523467B6F}"
EndProject
Project("{8BC9CEB8-8B4A-11D0-8D11-00A0C91BC942}") = "11b-IBL", "11b-ibl.vcxproj", "{219A02A2-4FE2-4CF3-81F1-BB1888F1255E}"
EndProject
Global
	GlobalSection(SolutionConfigurationPlatforms) = preSolution
		Debug|x64 = Debug|x64
		Debug|x86 = Debug|x86
		Release|x64 = Release|x64
		Release|x86 = Release|x86
	EndGlobalSection
	GlobalSection(ProjectConfigurationPlatforms) = postSolution
		{FD6D1760-F74F-436D-8C4F-211B824A1499}.Debug|x64.ActiveCfg = Debug|x64
		{FD6D1760-F74F-436D-8C4F-211B824A1499}.Debug|x64.Build.0 = Debug|x64
		{FD6D1760-F74F-436D-8C4F-211B824A1499}.Debug|x86.ActiveCfg = Debug|Win32
		{FD6D1760-F74F-436D-8C4F-211B824A1499}.Debug|x86.Build.0 = Debug|Win32
		{FD6D1760-F74F-436D-8C4F-211B824A1499}.Release|x64.ActiveCfg = Release|x64
		{FD6D1760-F74F-436D-8C4F-211B824A1499}.Release|x64.Build.0 = Release|x64
		{FD6D1760-F74F-436D-8C4F-211B824A1499}.Release|x86.ActiveCfg = Release|Win32
		{FD6D1760-F74F-436D-8C4F-211B824A1499}.Release|x86.Build.0 = Release|Win32
		{C3D48178-6E7D-4516-A28A-7C8D1C7863EC}.Debug|x64.ActiveCfg = Debug|x64
		{C3D48178-6E7D-4516-A28A-7C8D1C7863EC}.Debug|x64.Build.0 = Debug|x64
		{C3D48178-6E7D-4516-A28A-7C8D1C7863EC}.Debug|x86.ActiveCfg = Debug|Win32
		{C3D48178-6E7D-4516-A28A-7C8D1C7863EC}.Debug|x86.Build.0 = Debug|Win32
		{C3D48178-6E7D-4516-A28A-7C8D1C7863EC}.Release|x64.ActiveCfg = Release|x64
		{C3D48178-6E7D-4516-A28A-7C8D1C7863EC}.Release|x64.Build.0 = Release|x64
		{C3D48178-6E7D-4516-A28A-7C8D1C7863EC}.Release|x86.ActiveCfg = Release|Win32
		{C3D48178-6E7D-4516-A28A-7C8D1C7863EC}.Release|x86.Build.0 = Release|Win32
		{19097C7D-DDC4-484E-8EEE-96DBCD84FD2A}.Debug|x64.ActiveCfg = Debug|x64
		{19097C7D-DDC4-484E-8EEE-96DBCD84FD2A}.Debug|x64.Build.0 = Debug|x64
		{19097C7D-DDC4-484E-8EEE-96DBCD84FD2A}.Debug|x86.ActiveCfg = Debug|x64
		{19097C7D-DDC4-484E-8EEE-96DBCD84FD2A}.Release|x64.ActiveCfg = Release|x64
		{19097C7D-DDC4-484E-8EEE-96DBCD84FD2A}.Release|x64.Build.0 = Release|x64
		{19097C7D-DDC4-484E-8EEE-96DBCD84FD2A}.Release|x86.ActiveCfg = Release|x64
		{169BCD92-AA6D-4E83-92CC-4D79DE5F65E8}.Debug|x64.ActiveCfg = Debug|x64
		{169BCD92-AA6D-4E83-92CC-4D79DE5F65E8}.Debug|x64.Build.0 = Debug|x64
		{169BCD92-AA6D-4E83-92CC-4D79DE5F65E8}.Debug|x86.ActiveCfg = Debug|x64
		{169BCD92-AA6D-4E83-92CC-4D79DE5F65E8}.Release|x64.ActiveCfg = Release|x64
		{169BCD92-AA6D-4E83-92CC-4D79DE5F65E8}.Release|x64.Build.0 = Release|x64
		{169BCD92-AA6D-4E83-92CC-4D79DE5F65E8}.Release|x86.ActiveCfg = Release|x64
		{01CC817B-0D90-416A-B2BC-41166B8B1AD7}.Debug|x64.ActiveCfg = Debug|x64
		{01CC817B-0D90-416A-B2BC-41166B8B1AD7}.Debug|x64.Build.0 = Debug|x64
		{01CC817B-0D90-416A-B2BC-41166B8B1AD7}.Debug|x86.ActiveCfg = Debug|x64
		{01CC817B-0D90-416A-B2BC-41166B8B1AD7}.Release|x64.ActiveCfg = Release|x64
		{01CC817B-0D90-416A-B2BC-41166B8B1AD7}.Release|x64.Build.0 = Release|x64
		{01CC817B-0D90-416A-B2BC-41166B8B1AD7}.Release|x86.ActiveCfg = Release|x64
		{E722039E-5A95-49C3-AE08-0EE3F48A426E}.Debug|x64.ActiveCfg = Debug|x64
		{E722039E-5A95-49C3-AE08-0EE3F48A426E}.Debug|x64.Build.0 = Debug|x64
		{E722039E-5A95-49C3-AE08-0EE3F48A426E}.Debug|x86.ActiveCfg = Debug|x64
		{E722039E-5A95-49C3-AE08-0EE3F48A426E}.Release|x64.ActiveCfg = Release|x64
		{E722039E-5A95-49C3-AE08-0EE3F48A426E}.Release|x64.Build.0 = Release|x64
		{E722039E-5A95-49C3-AE08-0EE3F48A426E}.Release|x86.ActiveCfg = Release|x64
		{757406F2-4D94-4C59-966B-51204B51D0C6}.Debug|x64.ActiveCfg = Debug|x64
		{757406F2-4D94-4C59-966B-51204B51D0C6}.Debug|x64.Build.0 = Debug|x64
		{757406F2-4D94-4C59-966B-51204B51D0C6}.Debug|x86.ActiveCfg = Debug|x64
		{757406F2-4D94-4C59-966B-51204B51D0C6}.Release|x64.ActiveCfg = Release|x64
		{757406F2-4D94-4C59-966B-51204B51D0C6}.Release|x64.Build.0 = Release|x64
		{757406F2-4D94-4C59-966B-51204B51D0C6}.Release|x86.ActiveCfg = Release|x64
		{3859321E-F3DA-4DF9-AD47-086742994046}.Debug|x64.ActiveCfg = Debug|x64
		{3859321E-F3DA-4DF9-AD47-086742994046}.Debug|x64.Build.0 = Debug|x64
		{3859321E-F3DA-4DF9-AD47-086742994046}.Debug|x86.ActiveCfg = Debug|x64
		{3859321E-F3DA-4DF9-AD47-086742994046}.Release|x64.ActiveCfg = Release|x64
		{3859321E-F3DA-4DF9-AD47-086742994046}.Release|x64.Build.0 = Release|x64
		{3859321E-F3DA-4DF9-AD47-086742994046}.Release|x86.ActiveCfg = Release|x64
		{9A0EE6E7-BC15-40D8-BFF7-4BE516A1EAD3}.Debug|x64.ActiveCfg = Debug|x64
		{9A0EE6E7-BC15-40D8-BFF7-4BE516A1EAD3}.Debug|x64.Build.0 = Debug|x64
		{9A0EE6E7-BC15-40D8-BFF7-4BE516A1EAD3}.Debug|x86.ActiveCfg = Debug|x64
		{9A0EE6E7-BC15-40D8-BFF7-4BE516A1EAD3}.Release|x64.ActiveCfg = Release|x64
		{9A0EE6E7-BC15-40D8-BFF7-4BE516A1EAD3}.Release|x64.Build.0 = Release|x64
		{9A0EE6E7-BC15-40D8-BFF7-4BE516A1EAD3}.Release|x86.ActiveCfg = Release|x64
		{E9C19BC9-0F91-489F-ABAC-F25ABE5815C1}.Debug|x64.ActiveCfg = Debug|x64
		{E9C19BC9-0F91-489F-ABAC-F25ABE5815C1}.Debug|x64.Build.0 = Debug|x64
		{E9C19BC9-0F91-489F-ABAC-F25ABE5815C1}.Debug|x86.ActiveCfg = Debug|x64
		{E9C19BC9-0F91-489F-ABAC-F25ABE5815C1}.Release|x64.ActiveCfg = Release|x64
		{E9C19BC9-0F91-489F-ABAC-F25ABE5815C1}.Release|x64.Build.0 = Release|x64
		{E9C19BC9-0F91-489F-ABAC-F25ABE5815C1}.Release|x86.ActiveCfg = Release|x64
		{520EE42B-F648-401F-A46C-2DD7B8F6A908}.Debug|x64.ActiveCfg = Debug|x64
		{520EE42B-F648-401F-A46C-2DD7B8F6A908}.Debug|x64.Build.0 = Debug|x64
		{520EE42B-F648-401F-A46C-2DD7B8F6A908}.Debug|x86.ActiveCfg = Debug|x64
		{520EE42B-F648-401F-A46C-2DD7B8F6A908}.Release|x64.ActiveCfg = Release|x64
		{520EE42B-F648-401F-A46C-2DD7B8F6A908}.Release|x64.Build.0 = Release|x64
		{520EE42B-F648-401F-A46C-2DD7B8F6A908}.Release|x86.ActiveCfg = Release|x64
		{09AC3D02-590B-457E-BF6C-BB1D20873236}.Debug|x64.ActiveCfg = Debug|x64
		{09AC3D02-590B-457E-BF6C-BB1D20873236}.Debug|x64.Build.0 = Debug|x64
		{09AC3D02-590B-457E-BF6C-BB1D20873236}.Debug|x86.ActiveCfg = Debug|x64
		{09AC3D02-590B-457E-BF6C-BB1D20873236}.Release|x64.ActiveCfg = Release|x64
		{09AC3D02-590B-457E-BF6C-BB1D20873236}.Release|x64.Build.0 = Release|x64
		{09AC3D02-590B-457E-BF6C-BB1D20873236}.Release|x86.ActiveCfg = Release|x64
		{6C6FC111-9CC4-4BBE-8065-0DCE21567AE0}.Debug|x64.ActiveCfg = Debug|x64
		{6C6FC111-9CC4-4BBE-8065-0DCE21567AE0}.Debug|x64.Build.0 = Debug|x64
		{6C6FC111-9CC4-4BBE-8065-0DCE21567AE0}.Debug|x86.ActiveCfg = Debug|x64
		{6C6FC111-9CC4-4BBE-8065-0DCE21567AE0}.Release|x64.ActiveCfg = Release|x64
		{6C6FC111-9CC4-4BBE-8065-0DCE21567AE0}.Release|x64.Build.0 = Release|x64
		{6C6FC111-9CC4-4BBE-8065-0DCE21567AE0}.Release|x86.ActiveCfg = Release|x64
		{8BEDCA3B-B00F-4D45-813B-A8226DD992E5}.Debug|x64.ActiveCfg = Debug|x64
		{8BEDCA3B-B00F-4D45-813B-A8226DD992E5}.Debug|x64.Build.0 = Debug|x64
		{8BEDCA3B-B00F-4D45-813B-A8226DD992E5}.Debug|x86.ActiveCfg = Debug|x64
		{8BEDCA3B-B00F-4D45-813B-A8226DD992E5}.Release|x64.ActiveCfg = Release|x64
		{8BEDCA3B-B00F-4D45-813B-A8226DD992E5}.Release|x64.Build.0 = Release|x64
		{8BEDCA3B-B00F-4D45-813B-A8226DD992E5}.Release|x86.ActiveCfg = Release|x64
		{AFFB1263-9898-427D-A862-F0C3D331F66A}.Debug|x64.ActiveCfg = Debug|x64
		{AFFB1263-9898-427D-A862-F0C3D331F66A}.Debug|x64.Build.0 = Debug|x64
		{AFFB1263-9898-427D-A862-F0C3D331F66A}.Debug|x86.ActiveCfg = Debug|x64
		{AFFB1263-9898-427D-A862-F0C3D331F66A}.Release|x64.ActiveCfg = Release|x64
		{AFFB1263-9898-427D-A862-F0C3D331F66A}.Release|x64.Build.0 = Release|x64
		{AFFB1263-9898-427D-A862-F0C3D331F66A}.Release|x86.ActiveCfg = Release|x64
		{55AB9A17-6B38-4FD2-83BB-BCC7DC506363}.Debug|x64.ActiveCfg = Debug|x64
		{55AB9A17-6B38-4FD2-83BB-BCC7DC506363}.Debug|x64.Build.0 = Debug|x64
		{55AB9A17-6B38-4FD2-83BB-BCC7DC506363}.Debug|x86.ActiveCfg = Debug|x64
		{55AB9A17-6B38-4FD2-83BB-BCC7DC506363}.Release|x64.ActiveCfg = Release|x64
		{55AB9A17-6B38-4FD2-83BB-BCC7DC506363}.Release|x64.Build.0 = Release|x64
		{55AB9A17-6B38-4FD2-83BB-BCC7DC506363}.Release|x86.ActiveCfg = Release|x64
		{C245CB7C-CDE5-4E15-AA9D-79576F24913D}.Debug|x64.ActiveCfg = Debug|x64
		{C245CB7C-CDE5-4E15-AA9D-79576F24913D}.Debug|x64.Build.0 = Debug|x64
		{C245CB7C-CDE5-4E15-AA9D-79576F24913D}.Debug|x86.ActiveCfg = Debug|x64
		{C245CB7C-CDE5-4E15-AA9D-79576F24913D}.Release|x64.ActiveCfg = Release|x64
		{C245CB7C-CDE5-4E15-AA9D-79576F24913D}.Release|x64.Build.0 = Release|x64
		{C245CB7C-CDE5-4E15-AA9D-79576F24913D}.Release|x86.ActiveCfg = Release|x64
		{7D032611-D5E3-4913-8B11-586D8BE8EDC0}.Debug|x64.ActiveCfg = Debug|x64
		{7D032611-D5E3-4913-8B11-586D8BE8EDC0}.Debug|x64.Build.0 = Debug|x64
		{7D032611-D5E3-4913-8B11-586D8BE8EDC0}.Debug|x86.ActiveCfg = Debug|x64
		{7D032611-D5E3-4913-8B11-586D8BE8EDC0}.Release|x64.ActiveCfg = Release|x64
		{7D032611-D5E3-4913-8B11-586D8BE8EDC0}.Release|x64.Build.0 = Release|x64
		{7D032611-D5E3-4913-8B11-586D8BE8EDC0}.Release|x86.ActiveCfg = Release|x64
		{8531ECC6-DBC9-4148-B761-89B523467B6F}.Debug|x64.ActiveCfg = Debug|x64
		{8531ECC6-DBC9-4148-B761-89B523467B6F}.Debug|x64.Build.0 = Debug|x64
		{8531ECC6-DBC9-4148-B761-89B523467B6F}.Debug|x86.ActiveCfg = Debug|x64
		{8531ECC6-DBC9-4148-B761-89B523467B6F}.Release|x64.ActiveCfg = Release|x64
		{8531ECC6-DBC9-4148-B761-89B523467B6F}.Release|x64.Build.0 = Release|x64
		{8531ECC6-DBC9-4148-B761-89B523467B6F}.Release|x86.ActiveCfg = Release|x64
		{219A02A2-4FE2-4CF3-81F1-BB1888F1255E}.Debug|x64.ActiveCfg = Debug|x64
		{219A02A2-4FE2-4CF3-81F1-BB1888F1255E}.Debug|x64.Build.0 = Debug|x64
		{219A02A2-4FE2-4CF3-81F1-BB1888F1255E}.Debug|x86.ActiveCfg = Debug|x64
		{219A02A2-4FE2-4CF3-81F1-BB1888F1255E}.Release|x64.ActiveCfg = Release|x64
		{219A02A2-4FE2-4CF3-81F1-BB1888F1255E}.Release|x64.Build.0 = Release|x64
		{219A02A2-4FE2-4CF3-81F1-BB1888F1255E}.Release|x86.ActiveCfg = Release|x64
		{F3670D28-2295-4F15-99D2-6C14A13C9012}.Debug|x64.ActiveCfg = Debug|x64
		{F3670D28-2295-4F15-99D2-6C14A13C9012}.Debug|x64.Build.0 = Debug|x64
		{F3670D28-2295-4F15-99D2-6C14A13C9012}.Debug|x86.ActiveCfg = Debug|x64
		{F3670D28-2295-4F15-99D2-6C14A13C9012}.Release|x64.ActiveCfg = Release|x64
		{F3670D28-2295-4F15-99D2-6C14A13C9012}.Release|x64.Build.0 = Release|x64
		{F3670D28-2295-4F15-99D2-6C14A13C9012}.Release|x86.ActiveCfg = Release|x64
		{207BB2FE-9A2A-48D2-A903-BBBA77C44957}.Debug|x64.ActiveCfg = Debug|x64
		{207BB2FE-9A2A-48D2-A903-BBBA77C44957}.Debug|x64.Build.0 = Debug|x64
		{207BB2FE-9A2A-48D2-A903-BBBA77C44957}.Debug|x86.ActiveCfg = Debug|x64
		{207BB2FE-9A2A-48D2-A903-BBBA77C44957}.Release|x64.ActiveCfg = Release|x64
		{207BB2FE-9A2A-48D2-A903-BBBA77C44957}.Release|x64.Build.0 = Release|x64
		{207BB2FE-9A2A-48D2-A903-BBBA77C44957}.Release|x86.ActiveCfg = Release|x64
	EndGlobalSection
	GlobalSection(SolutionProperties) = preSolution
		HideSolutionNode = FALSE
	EndGlobalSection
	GlobalSection(ExtensibilityGlobals) = postSolution
		SolutionGuid = {8DA4631A-2DC2-4C93-AD90-C77976B3C14A}
	EndGlobalSection
EndGlobal
